
Microsoft Visual Studio Solution File, Format Version 12.00
# Visual Studio 15
VisualStudioVersion = 15.0.28307.421
MinimumVisualStudioVersion = 10.0.40219.1
Project("{FAE04EC0-301F-11D3-BF4B-00C04F79EFBC}") = "HelloWorld_001", "HelloWorld_001\HelloWorld_001.csproj", "{B3CCEFC6-1C4B-461F-A242-322DF7521C8C}"
EndProject
Global
	GlobalSection(SolutionConfigurationPlatforms) = preSolution
		Debug|Any CPU = Debug|Any CPU
		Release|Any CPU = Release|Any CPU
	EndGlobalSection
	GlobalSection(ProjectConfigurationPlatforms) = postSolution
		{B3CCEFC6-1C4B-461F-A242-322DF7521C8C}.Debug|Any CPU.ActiveCfg = Debug|Any CPU
		{B3CCEFC6-1C4B-461F-A242-322DF7521C8C}.Debug|Any CPU.Build.0 = Debug|Any CPU
		{B3CCEFC6-1C4B-461F-A242-322DF7521C8C}.Release|Any CPU.ActiveCfg = Release|Any CPU
		{B3CCEFC6-1C4B-461F-A242-322DF7521C8C}.Release|Any CPU.Build.0 = Release|Any CPU
	EndGlobalSection
	GlobalSection(SolutionProperties) = preSolution
		HideSolutionNode = FALSE
	EndGlobalSection
	GlobalSection(ExtensibilityGlobals) = postSolution
		SolutionGuid = {BCF6084E-A68A-444F-BAAD-A6364E6DBC6F}
	EndGlobalSection
EndGlobal
