
Microsoft Visual Studio Solution File, Format Version 12.00
# Visual Studio 15
VisualStudioVersion = 15.0.28307.421
MinimumVisualStudioVersion = 10.0.40219.1
Project("{FAE04EC0-301F-11D3-BF4B-00C04F79EFBC}") = "WinForm_002", "WinForm_002\WinForm_002.csproj", "{6609CFFF-8E15-42EC-B359-42522663BEB0}"
EndProject
Global
	GlobalSection(SolutionConfigurationPlatforms) = preSolution
		Debug|Any CPU = Debug|Any CPU
		Release|Any CPU = Release|Any CPU
	EndGlobalSection
	GlobalSection(ProjectConfigurationPlatforms) = postSolution
		{6609CFFF-8E15-42EC-B359-42522663BEB0}.Debug|Any CPU.ActiveCfg = Debug|Any CPU
		{6609CFFF-8E15-42EC-B359-42522663BEB0}.Debug|Any CPU.Build.0 = Debug|Any CPU
		{6609CFFF-8E15-42EC-B359-42522663BEB0}.Release|Any CPU.ActiveCfg = Release|Any CPU
		{6609CFFF-8E15-42EC-B359-42522663BEB0}.Release|Any CPU.Build.0 = Release|Any CPU
	EndGlobalSection
	GlobalSection(SolutionProperties) = preSolution
		HideSolutionNode = FALSE
	EndGlobalSection
	GlobalSection(ExtensibilityGlobals) = postSolution
		SolutionGuid = {E207678A-2B2F-4B9B-AF4C-D4CCFC90014E}
	EndGlobalSection
EndGlobal
