
Microsoft Visual Studio Solution File, Format Version 12.00
# Visual Studio 15
VisualStudioVersion = 15.0.28307.421
MinimumVisualStudioVersion = 10.0.40219.1
Project("{FAE04EC0-301F-11D3-BF4B-00C04F79EFBC}") = "Calculator_011", "Calculator_011\Calculator_011.csproj", "{EF9AB386-FD4E-4D96-93F7-95BD2F1E98B3}"
EndProject
Global
	GlobalSection(SolutionConfigurationPlatforms) = preSolution
		Debug|Any CPU = Debug|Any CPU
		Release|Any CPU = Release|Any CPU
	EndGlobalSection
	GlobalSection(ProjectConfigurationPlatforms) = postSolution
		{EF9AB386-FD4E-4D96-93F7-95BD2F1E98B3}.Debug|Any CPU.ActiveCfg = Debug|Any CPU
		{EF9AB386-FD4E-4D96-93F7-95BD2F1E98B3}.Debug|Any CPU.Build.0 = Debug|Any CPU
		{EF9AB386-FD4E-4D96-93F7-95BD2F1E98B3}.Release|Any CPU.ActiveCfg = Release|Any CPU
		{EF9AB386-FD4E-4D96-93F7-95BD2F1E98B3}.Release|Any CPU.Build.0 = Release|Any CPU
	EndGlobalSection
	GlobalSection(SolutionProperties) = preSolution
		HideSolutionNode = FALSE
	EndGlobalSection
	GlobalSection(ExtensibilityGlobals) = postSolution
		SolutionGuid = {18ED590D-0A99-4A0B-B6AF-08CDE25E6943}
	EndGlobalSection
EndGlobal
